Microsoft Visual Studio Solution File, Format Version 12.00
# Visual Studio Version 17
VisualStudioVersion = 17.12.35209.166
MinimumVisualStudioVersion = 10.0.40219.1
Project("{72B72285-BBED-4B83-A493-184E4C8E0855}") = "TC2.minetest", "TC2.minetest.csproj", "{07392CAD-E3E5-4B18-B120-D400EBD0E75F}"
EndProject
Global
	GlobalSection(SolutionConfigurationPlatforms) = preSolution
		Client|x64 = Client|x64
		Server|x64 = Server|x64
	EndGlobalSection
	GlobalSection(ProjectConfigurationPlatforms) = postSolution
		{07392CAD-E3E5-4B18-B120-D400EBD0E75F}.Client|x64.ActiveCfg = Client|x64
		{07392CAD-E3E5-4B18-B120-D400EBD0E75F}.Client|x64.Build.0 = Client|x64
		{07392CAD-E3E5-4B18-B120-D400EBD0E75F}.Server|x64.ActiveCfg = Server|x64
		{07392CAD-E3E5-4B18-B120-D400EBD0E75F}.Server|x64.Build.0 = Server|x64
	EndGlobalSection
	GlobalSection(SolutionProperties) = preSolution
		HideSolutionNode = FALSE
	EndGlobalSection
	GlobalSection(ExtensibilityGlobals) = postSolution
		SolutionGuid = {200BC697-470B-42C8-8B0B-6C4FC1291CC1}
	EndGlobalSection
EndGlobal

